// !$*UTF8*$!
{
	archiveVersion = 1;
	classes = {
	};
	objectVersion = 46;
	objects = {

/* Begin PBXBuildFile section */
		04F5E8D41EE7533F00AEB92C /* AppDelegate.swift in Sources */ = {isa = PBXBuildFile; fileRef = 04F5E8D31EE7533F00AEB92C /* AppDelegate.swift */; };
		04F5E8D61EE7533F00AEB92C /* ViewController.swift in Sources */ = {isa = PBXBuildFile; fileRef = 04F5E8D51EE7533F00AEB92C /* ViewController.swift */; };
		04F5E8D91EE7533F00AEB92C /* Main.storyboard in Resources */ = {isa = PBXBuildFile; fileRef = 04F5E8D71EE7533F00AEB92C /* Main.storyboard */; };
		04F5E8DB1EE7533F00AEB92C /* Assets.xcassets in Resources */ = {isa = PBXBuildFile; fileRef = 04F5E8DA1EE7533F00AEB92C /* Assets.xcassets */; };
		04F5E8DE1EE7533F00AEB92C /* LaunchScreen.storyboard in Resources */ = {isa = PBXBuildFile; fileRef = 04F5E8DC1EE7533F00AEB92C /* LaunchScreen.storyboard */; };
		04F5E9091EE764C900AEB92C /* 0.gif in Resources */ = {isa = PBXBuildFile; fileRef = 04F5E8FD1EE764C900AEB92C /* 0.gif */; };
		04F5E90A1EE764C900AEB92C /* 0.png in Resources */ = {isa = PBXBuildFile; fileRef = 04F5E8FE1EE764C900AEB92C /* 0.png */; };
		04F5E90B1EE764C900AEB92C /* 1-1.gif in Resources */ = {isa = PBXBuildFile; fileRef = 04F5E8FF1EE764C900AEB92C /* 1-1.gif */; };
		04F5E90C1EE764C900AEB92C /* 1-2.gif in Resources */ = {isa = PBXBuildFile; fileRef = 04F5E9001EE764C900AEB92C /* 1-2.gif */; };
		04F5E90D1EE764C900AEB92C /* 1-3.gif in Resources */ = {isa = PBXBuildFile; fileRef = 04F5E9011EE764C900AEB92C /* 1-3.gif */; };
		04F5E90E1EE764C900AEB92C /* 2-1.gif in Resources */ = {isa = PBXBuildFile; fileRef = 04F5E9021EE764C900AEB92C /* 2-1.gif */; };
		04F5E90F1EE764C900AEB92C /* 2-2.gif in Resources */ = {isa = PBXBuildFile; fileRef = 04F5E9031EE764C900AEB92C /* 2-2.gif */; };
		04F5E9101EE764C900AEB92C /* 2-3.gif in Resources */ = {isa = PBXBuildFile; fileRef = 04F5E9041EE764C900AEB92C /* 2-3.gif */; };
		04F5E9111EE764C900AEB92C /* 3-1.gif in Resources */ = {isa = PBXBuildFile; fileRef = 04F5E9051EE764C900AEB92C /* 3-1.gif */; };
		04F5E9121EE764C900AEB92C /* 3-2.gif in Resources */ = {isa = PBXBuildFile; fileRef = 04F5E9061EE764C900AEB92C /* 3-2.gif */; };
		04F5E9131EE764C900AEB92C /* microphone.png in Resources */ = {isa = PBXBuildFile; fileRef = 04F5E9071EE764C900AEB92C /* microphone.png */; };
		04F5E9141EE764C900AEB92C /* sample.png in Resources */ = {isa = PBXBuildFile; fileRef = 04F5E9081EE764C900AEB92C /* sample.png */; };
/* End PBXBuildFile section */

/* Begin PBXFileReference section */
		04F5E8D01EE7533F00AEB92C /* speech-en.app */ = {isa = PBXFileReference; explicitFileType = wrapper.application; includeInIndex = 0; path = "speech-en.app"; sourceTree = BUILT_PRODUCTS_DIR; };
		04F5E8D31EE7533F00AEB92C /* AppDelegate.swift */ = {isa = PBXFileReference; lastKnownFileType = sourcecode.swift; path = AppDelegate.swift; sourceTree = "<group>"; };
		04F5E8D51EE7533F00AEB92C /* ViewController.swift */ = {isa = PBXFileReference; lastKnownFileType = sourcecode.swift; path = ViewController.swift; sourceTree = "<group>"; };
		04F5E8D81EE7533F00AEB92C /* Base */ = {isa = PBXFileReference; lastKnownFileType = file.storyboard; name = Base; path = Base.lproj/Main.storyboard; sourceTree = "<group>"; };
		04F5E8DA1EE7533F00AEB92C /* Assets.xcassets */ = {isa = PBXFileReference; lastKnownFileType = folder.assetcatalog; path = Assets.xcassets; sourceTree = "<group>"; };
		04F5E8DD1EE7533F00AEB92C /* Base */ = {isa = PBXFileReference; lastKnownFileType = file.storyboard; name = Base; path = Base.lproj/LaunchScreen.storyboard; sourceTree = "<group>"; };
		04F5E8DF1EE7533F00AEB92C /* Info.plist */ = {isa = PBXFileReference; lastKnownFileType = text.plist.xml; path = Info.plist; sourceTree = "<group>"; };
		04F5E8FD1EE764C900AEB92C /* 0.gif */ = {isa = PBXFileReference; lastKnownFileType = image.gif; path = 0.gif; sourceTree = "<group>"; };
		04F5E8FE1EE764C900AEB92C /* 0.png */ = {isa = PBXFileReference; lastKnownFileType = image.png; path = 0.png; sourceTree = "<group>"; };
		04F5E8FF1EE764C900AEB92C /* 1-1.gif */ = {isa = PBXFileReference; lastKnownFileType = image.gif; path = "1-1.gif"; sourceTree = "<group>"; };
		04F5E9001EE764C900AEB92C /* 1-2.gif */ = {isa = PBXFileReference; lastKnownFileType = image.gif; path = "1-2.gif"; sourceTree = "<group>"; };
		04F5E9011EE764C900AEB92C /* 1-3.gif */ = {isa = PBXFileReference; lastKnownFileType = image.gif; path = "1-3.gif"; sourceTree = "<group>"; };
		04F5E9021EE764C900AEB92C /* 2-1.gif */ = {isa = PBXFileReference; lastKnownFileType = image.gif; path = "2-1.gif"; sourceTree = "<group>"; };
		04F5E9031EE764C900AEB92C /* 2-2.gif */ = {isa = PBXFileReference; lastKnownFileType = image.gif; path = "2-2.gif"; sourceTree = "<group>"; };
		04F5E9041EE764C900AEB92C /* 2-3.gif */ = {isa = PBXFileReference; lastKnownFileType = image.gif; path = "2-3.gif"; sourceTree = "<group>"; };
		04F5E9051EE764C900AEB92C /* 3-1.gif */ = {isa = PBXFileReference; lastKnownFileType = image.gif; path = "3-1.gif"; sourceTree = "<group>"; };
		04F5E9061EE764C900AEB92C /* 3-2.gif */ = {isa = PBXFileReference; lastKnownFileType = image.gif; path = "3-2.gif"; sourceTree = "<group>"; };
		04F5E9071EE764C900AEB92C /* microphone.png */ = {isa = PBXFileReference; lastKnownFileType = image.png; path = microphone.png; sourceTree = "<group>"; };
		04F5E9081EE764C900AEB92C /* sample.png */ = {isa = PBXFileReference; lastKnownFileType = image.png; path = sample.png; sourceTree = "<group>"; };
/* End PBXFileReference section */

/* Begin PBXFrameworksBuildPhase section */
		04F5E8CD1EE7533F00AEB92C /* Frameworks */ = {
			isa = PBXFrameworksBuildPhase;
			buildActionMask = 2147483647;
			files = (
			);
			runOnlyForDeploymentPostprocessing = 0;
		};
/* End PBXFrameworksBuildPhase section */

/* Begin PBXGroup section */
		04F5E8C71EE7533F00AEB92C = {
			isa = PBXGroup;
			children = (
				04F5E8FC1EE764C900AEB92C /* resources */,
				04F5E8D21EE7533F00AEB92C /* speech-en */,
				04F5E8D11EE7533F00AEB92C /* Products */,
			);
			sourceTree = "<group>";
		};
		04F5E8D11EE7533F00AEB92C /* Products */ = {
			isa = PBXGroup;
			children = (
				04F5E8D01EE7533F00AEB92C /* speech-en.app */,
			);
			name = Products;
			sourceTree = "<group>";
		};
		04F5E8D21EE7533F00AEB92C /* speech-en */ = {
			isa = PBXGroup;
			children = (
				04F5E8D31EE7533F00AEB92C /* AppDelegate.swift */,
				04F5E8D51EE7533F00AEB92C /* ViewController.swift */,
				04F5E8D71EE7533F00AEB92C /* Main.storyboard */,
				04F5E8DA1EE7533F00AEB92C /* Assets.xcassets */,
				04F5E8DC1EE7533F00AEB92C /* LaunchScreen.storyboard */,
				04F5E8DF1EE7533F00AEB92C /* Info.plist */,
			);
			path = "speech-en";
			sourceTree = "<group>";
		};
		04F5E8FC1EE764C900AEB92C /* resources */ = {
			isa = PBXGroup;
			children = (
				04F5E8FD1EE764C900AEB92C /* 0.gif */,
				04F5E8FE1EE764C900AEB92C /* 0.png */,
				04F5E8FF1EE764C900AEB92C /* 1-1.gif */,
				04F5E9001EE764C900AEB92C /* 1-2.gif */,
				04F5E9011EE764C900AEB92C /* 1-3.gif */,
				04F5E9021EE764C900AEB92C /* 2-1.gif */,
				04F5E9031EE764C900AEB92C /* 2-2.gif */,
				04F5E9041EE764C900AEB92C /* 2-3.gif */,
				04F5E9051EE764C900AEB92C /* 3-1.gif */,
				04F5E9061EE764C900AEB92C /* 3-2.gif */,
				04F5E9071EE764C900AEB92C /* microphone.png */,
				04F5E9081EE764C900AEB92C /* sample.png */,
			);
			path = resources;
			sourceTree = "<group>";
		};
/* End PBXGroup section */

/* Begin PBXNativeTarget section */
		04F5E8CF1EE7533F00AEB92C /* speech-en */ = {
			isa = PBXNativeTarget;
			buildConfigurationList = 04F5E8E21EE7533F00AEB92C /* Build configuration list for PBXNativeTarget "speech-en" */;
			buildPhases = (
				04F5E8CC1EE7533F00AEB92C /* Sources */,
				04F5E8CD1EE7533F00AEB92C /* Frameworks */,
				04F5E8CE1EE7533F00AEB92C /* Resources */,
			);
			buildRules = (
			);
			dependencies = (
			);
			name = "speech-en";
			productName = "speech-en";
			productReference = 04F5E8D01EE7533F00AEB92C /* speech-en.app */;
			productType = "com.apple.product-type.application";
		};
/* End PBXNativeTarget section */

/* Begin PBXProject section */
		04F5E8C81EE7533F00AEB92C /* Project object */ = {
			isa = PBXProject;
			attributes = {
				LastSwiftUpdateCheck = 0830;
				LastUpgradeCheck = 0830;
				ORGANIZATIONNAME = "Wataru Maeda";
				TargetAttributes = {
					04F5E8CF1EE7533F00AEB92C = {
						CreatedOnToolsVersion = 8.3.2;
						ProvisioningStyle = Automatic;
					};
				};
			};
			buildConfigurationList = 04F5E8CB1EE7533F00AEB92C /* Build configuration list for PBXProject "speech-en" */;
			compatibilityVersion = "Xcode 3.2";
			developmentRegion = English;
			hasScannedForEncodings = 0;
			knownRegions = (
				en,
				Base,
			);
			mainGroup = 04F5E8C71EE7533F00AEB92C;
			productRefGroup = 04F5E8D11EE7533F00AEB92C /* Products */;
			projectDirPath = "";
			projectRoot = "";
			targets = (
				04F5E8CF1EE7533F00AEB92C /* speech-en */,
			);
		};
/* End PBXProject section */

/* Begin PBXResourcesBuildPhase section */
		04F5E8CE1EE7533F00AEB92C /* Resources */ = {
			isa = PBXResourcesBuildPhase;
			buildActionMask = 2147483647;
			files = (
				04F5E9111EE764C900AEB92C /* 3-1.gif in Resources */,
				04F5E9121EE764C900AEB92C /* 3-2.gif in Resources */,
				04F5E90E1EE764C900AEB92C /* 2-1.gif in Resources */,
				04F5E90B1EE764C900AEB92C /* 1-1.gif in Resources */,
				04F5E8DE1EE7533F00AEB92C /* LaunchScreen.storyboard in Resources */,
				04F5E90C1EE764C900AEB92C /* 1-2.gif in Resources */,
				04F5E90A1EE764C900AEB92C /* 0.png in Resources */,
				04F5E90D1EE764C900AEB92C /* 1-3.gif in Resources */,
				04F5E9091EE764C900AEB92C /* 0.gif in Resources */,
				04F5E9131EE764C900AEB92C /* microphone.png in Resources */,
				04F5E8DB1EE7533F00AEB92C /* Assets.xcassets in Resources */,
				04F5E90F1EE764C900AEB92C /* 2-2.gif in Resources */,
				04F5E8D91EE7533F00AEB92C /* Main.storyboard in Resources */,
				04F5E9101EE764C900AEB92C /* 2-3.gif in Resources */,
				04F5E9141EE764C900AEB92C /* sample.png in Resources */,
			);
			runOnlyForDeploymentPostprocessing = 0;
		};
/* End PBXResourcesBuildPhase section */

/* Begin PBXSourcesBuildPhase section */
		04F5E8CC1EE7533F00AEB92C /* Sources */ = {
			isa = PBXSourcesBuildPhase;
			buildActionMask = 2147483647;
			files = (
				04F5E8D61EE7533F00AEB92C /* ViewController.swift in Sources */,
				04F5E8D41EE7533F00AEB92C /* AppDelegate.swift in Sources */,
			);
			runOnlyForDeploymentPostprocessing = 0;
		};
/* End PBXSourcesBuildPhase section */

/* Begin PBXVariantGroup section */
		04F5E8D71EE7533F00AEB92C /* Main.storyboard */ = {
			isa = PBXVariantGroup;
			children = (
				04F5E8D81EE7533F00AEB92C /* Base */,
			);
			name = Main.storyboard;
			sourceTree = "<group>";
		};
		04F5E8DC1EE7533F00AEB92C /* LaunchScreen.storyboard */ = {
			isa = PBXVariantGroup;
			children = (
				04F5E8DD1EE7533F00AEB92C /* Base */,
			);
			name = LaunchScreen.storyboard;
			sourceTree = "<group>";
		};
/* End PBXVariantGroup section */

/* Begin XCBuildConfiguration section */
		04F5E8E01EE7533F00AEB92C /* Debug */ = {
			isa = XCBuildConfiguration;
			buildSettings = {
				ALWAYS_SEARCH_USER_PATHS = NO;
				CLANG_ANALYZER_NONNULL = YES;
				CLANG_ANALYZER_NUMBER_OBJECT_CONVERSION = YES_AGGRESSIVE;
				CLANG_CXX_LANGUAGE_STANDARD = "gnu++0x";
				CLANG_CXX_LIBRARY = "libc++";
				CLANG_ENABLE_MODULES = YES;
				CLANG_ENABLE_OBJC_ARC = YES;
				CLANG_WARN_BOOL_CONVERSION = YES;
				CLANG_WARN_CONSTANT_CONVERSION = YES;
				CLANG_WARN_DIRECT_OBJC_ISA_USAGE = YES_ERROR;
				CLANG_WARN_DOCUMENTATION_COMMENTS = YES;
				CLANG_WARN_EMPTY_BODY = YES;
				CLANG_WARN_ENUM_CONVERSION = YES;
				CLANG_WARN_INFINITE_RECURSION = YES;
				CLANG_WARN_INT_CONVERSION = YES;
				CLANG_WARN_OBJC_ROOT_CLASS = YES_ERROR;
				CLANG_WARN_SUSPICIOUS_MOVE = YES;
				CLANG_WARN_UNREACHABLE_CODE = YES;
				CLANG_WARN__DUPLICATE_METHOD_MATCH = YES;
				"CODE_SIGN_IDENTITY[sdk=iphoneos*]" = "iPhone Developer";
				COPY_PHASE_STRIP = NO;
				DEBUG_INFORMATION_FORMAT = dwarf;
				ENABLE_STRICT_OBJC_MSGSEND = YES;
				ENABLE_TESTABILITY = YES;
				GCC_C_LANGUAGE_STANDARD = gnu99;
				GCC_DYNAMIC_NO_PIC = NO;
				GCC_NO_COMMON_BLOCKS = YES;
				GCC_OPTIMIZATION_LEVEL = 0;
				GCC_PREPROCESSOR_DEFINITIONS = (
					"DEBUG=1",
					"$(inherited)",
				);
				GCC_WARN_64_TO_32_BIT_CONVERSION = YES;
				GCC_WARN_ABOUT_RETURN_TYPE = YES_ERROR;
				GCC_WARN_UNDECLARED_SELECTOR = YES;
				GCC_WARN_UNINITIALIZED_AUTOS = YES_AGGRESSIVE;
				GCC_WARN_UNUSED_FUNCTION = YES;
				GCC_WARN_UNUSED_VARIABLE = YES;
				IPHONEOS_DEPLOYMENT_TARGET = 10.3;
				MTL_ENABLE_DEBUG_INFO = YES;
				ONLY_ACTIVE_ARCH = YES;
				SDKROOT = iphoneos;
				SWIFT_ACTIVE_COMPILATION_CONDITIONS = DEBUG;
				SWIFT_OPTIMIZATION_LEVEL = "-Onone";
				TARGETED_DEVICE_FAMILY = "1,2";
			};
			name = Debug;
		};
		04F5E8E11EE7533F00AEB92C /* Release */ = {
			isa = XCBuildConfiguration;
			buildSettings = {
				ALWAYS_SEARCH_USER_PATHS = NO;
				CLANG_ANALYZER_NONNULL = YES;
				CLANG_ANALYZER_NUMBER_OBJECT_CONVERSION = YES_AGGRESSIVE;
				CLANG_CXX_LANGUAGE_STANDARD = "gnu++0x";
				CLANG_CXX_LIBRARY = "libc++";
				CLANG_ENABLE_MODULES = YES;
				CLANG_ENABLE_OBJC_ARC = YES;
				CLANG_WARN_BOOL_CONVERSION = YES;
				CLANG_WARN_CONSTANT_CONVERSION = YES;
				CLANG_WARN_DIRECT_OBJC_ISA_USAGE = YES_ERROR;
				CLANG_WARN_DOCUMENTATION_COMMENTS = YES;
				CLANG_WARN_EMPTY_BODY = YES;
				CLANG_WARN_ENUM_CONVERSION = YES;
				CLANG_WARN_INFINITE_RECURSION = YES;
				CLANG_WARN_INT_CONVERSION = YES;
				CLANG_WARN_OBJC_ROOT_CLASS = YES_ERROR;
				CLANG_WARN_SUSPICIOUS_MOVE = YES;
				CLANG_WARN_UNREACHABLE_CODE = YES;
				CLANG_WARN__DUPLICATE_METHOD_MATCH = YES;
				"CODE_SIGN_IDENTITY[sdk=iphoneos*]" = "iPhone Developer";
				COPY_PHASE_STRIP = NO;
				DEBUG_INFORMATION_FORMAT = "dwarf-with-dsym";
				ENABLE_NS_ASSERTIONS = NO;
				ENABLE_STRICT_OBJC_MSGSEND = YES;
				GCC_C_LANGUAGE_STANDARD = gnu99;
				GCC_NO_COMMON_BLOCKS = YES;
				GCC_WARN_64_TO_32_BIT_CONVERSION = YES;
				GCC_WARN_ABOUT_RETURN_TYPE = YES_ERROR;
				GCC_WARN_UNDECLARED_SELECTOR = YES;
				GCC_WARN_UNINITIALIZED_AUTOS = YES_AGGRESSIVE;
				GCC_WARN_UNUSED_FUNCTION = YES;
				GCC_WARN_UNUSED_VARIABLE = YES;
				IPHONEOS_DEPLOYMENT_TARGET = 10.3;
				MTL_ENABLE_DEBUG_INFO = NO;
				SDKROOT = iphoneos;
				SWIFT_OPTIMIZATION_LEVEL = "-Owholemodule";
				TARGETED_DEVICE_FAMILY = "1,2";
				VALIDATE_PRODUCT = YES;
			};
			name = Release;
		};
		04F5E8E31EE7533F00AEB92C /* Debug */ = {
			isa = XCBuildConfiguration;
			buildSettings = {
				ASSETCATALOG_COMPILER_APPICON_NAME = AppIcon;
				INFOPLIST_FILE = "speech-en/Info.plist";
				LD_RUNPATH_SEARCH_PATHS = "$(inherited) @executable_path/Frameworks";
				PRODUCT_BUNDLE_IDENTIFIER = "ii.speech-en";
				PRODUCT_NAME = "$(TARGET_NAME)";
				SWIFT_VERSION = 3.0;
			};
			name = Debug;
		};
		04F5E8E41EE7533F00AEB92C /* Release */ = {
			isa = XCBuildConfiguration;
			buildSettings = {
				ASSETCATALOG_COMPILER_APPICON_NAME = AppIcon;
				INFOPLIST_FILE = "speech-en/Info.plist";
				LD_RUNPATH_SEARCH_PATHS = "$(inherited) @executable_path/Frameworks";
				PRODUCT_BUNDLE_IDENTIFIER = "ii.speech-en";
				PRODUCT_NAME = "$(TARGET_NAME)";
				SWIFT_VERSION = 3.0;
			};
			name = Release;
		};
/* End XCBuildConfiguration section */

/* Begin XCConfigurationList section */
		04F5E8CB1EE7533F00AEB92C /* Build configuration list for PBXProject "speech-en" */ = {
			isa = XCConfigurationList;
			buildConfigurations = (
				04F5E8E01EE7533F00AEB92C /* Debug */,
				04F5E8E11EE7533F00AEB92C /* Release */,
			);
			defaultConfigurationIsVisible = 0;
			defaultConfigurationName = Release;
		};
		04F5E8E21EE7533F00AEB92C /* Build configuration list for PBXNativeTarget "speech-en" */ = {
			isa = XCConfigurationList;
			buildConfigurations = (
				04F5E8E31EE7533F00AEB92C /* Debug */,
				04F5E8E41EE7533F00AEB92C /* Release */,
			);
			defaultConfigurationIsVisible = 0;
			defaultConfigurationName = Release;
		};
/* End XCConfigurationList section */
	};
	rootObject = 04F5E8C81EE7533F00AEB92C /* Project object */;
}
